{
  "requires": true,
  "lockfileVersion": 1,
  "dependencies": {
    "@better-scroll/core": {
      "version": "2.0.0-beta.6",
      "resolved": "https://registry.npmjs.org/@better-scroll/core/-/core-2.0.0-beta.6.tgz",
      "integrity": "sha512-nZ4kWDAPdrYKGGxKYdKP65hnwXsyWl0bymI9H97t8fRgDj//LS5g8EEhva8JlEIxBz8SjWo7tNgcLXq+9i5Ivg==",
      "requires": {
        "@better-scroll/shared-utils": "^2.0.0-beta.6"
      }
    },
    "@better-scroll/shared-utils": {
      "version": "2.0.0-beta.6",
      "resolved": "https://registry.npmjs.org/@better-scroll/shared-utils/-/shared-utils-2.0.0-beta.6.tgz",
      "integrity": "sha512-dT6i3TLPJ6xPyjq2QC+XZ5DaXUQUxPTFvywHo8pmDbfwRKP/YXkR4uGuYL4ehVhWuPidgkwGYJG0dpjFyHoVfQ=="
    }
  }
}
